
Microsoft Visual Studio Solution File, Format Version 12.00
# Visual Studio Version 17
VisualStudioVersion = 17.5.33627.172
MinimumVisualStudioVersion = 10.0.40219.1
Project("{9A19103F-16F7-4668-BE54-9A1E7A4F7556}") = "AudioStreamerAPI", "AudioStreamerAPI\AudioStreamerAPI.csproj", "{6DE5CE17-9857-49B2-BD9A-50652AC828C9}"
EndProject
Project("{9A19103F-16F7-4668-BE54-9A1E7A4F7556}") = "RecommendationSystem", "RecommendationSystem\RecommendationSystem.csproj", "{96C982FF-F1D2-4E52-9AF0-378CEE6D746D}"
EndProject
Project("{FAE04EC0-301F-11D3-BF4B-00C04F79EFBC}") = "AudioStreamerWebJobs", "AudioStreamerWebJobs\AudioStreamerWebJobs.csproj", "{D02D7390-FD16-4BE7-92FF-167E0F8D02D3}"
EndProject
Global
	GlobalSection(SolutionConfigurationPlatforms) = preSolution
		Debug|Any CPU = Debug|Any CPU
		Release|Any CPU = Release|Any CPU
	EndGlobalSection
	GlobalSection(ProjectConfigurationPlatforms) = postSolution
		{6DE5CE17-9857-49B2-BD9A-50652AC828C9}.Debug|Any CPU.ActiveCfg = Debug|Any CPU
		{6DE5CE17-9857-49B2-BD9A-50652AC828C9}.Debug|Any CPU.Build.0 = Debug|Any CPU
		{6DE5CE17-9857-49B2-BD9A-50652AC828C9}.Release|Any CPU.ActiveCfg = Release|Any CPU
		{6DE5CE17-9857-49B2-BD9A-50652AC828C9}.Release|Any CPU.Build.0 = Release|Any CPU
		{96C982FF-F1D2-4E52-9AF0-378CEE6D746D}.Debug|Any CPU.ActiveCfg = Debug|Any CPU
		{96C982FF-F1D2-4E52-9AF0-378CEE6D746D}.Debug|Any CPU.Build.0 = Debug|Any CPU
		{96C982FF-F1D2-4E52-9AF0-378CEE6D746D}.Release|Any CPU.ActiveCfg = Release|Any CPU
		{96C982FF-F1D2-4E52-9AF0-378CEE6D746D}.Release|Any CPU.Build.0 = Release|Any CPU
		{D02D7390-FD16-4BE7-92FF-167E0F8D02D3}.Debug|Any CPU.ActiveCfg = Debug|Any CPU
		{D02D7390-FD16-4BE7-92FF-167E0F8D02D3}.Debug|Any CPU.Build.0 = Debug|Any CPU
		{D02D7390-FD16-4BE7-92FF-167E0F8D02D3}.Release|Any CPU.ActiveCfg = Release|Any CPU
		{D02D7390-FD16-4BE7-92FF-167E0F8D02D3}.Release|Any CPU.Build.0 = Release|Any CPU
	EndGlobalSection
	GlobalSection(SolutionProperties) = preSolution
		HideSolutionNode = FALSE
	EndGlobalSection
	GlobalSection(ExtensibilityGlobals) = postSolution
		SolutionGuid = {6266757F-EBC6-4A03-91C7-3077CBE5CC7A}
	EndGlobalSection
EndGlobal
